
Microsoft Visual Studio Solution File, Format Version 12.00
# Visual Studio Version 17
VisualStudioVersion = 17.8.34408.163
MinimumVisualStudioVersion = 10.0.40219.1
Project("{FAE04EC0-301F-11D3-BF4B-00C04F79EFBC}") = "TicketsDetalle", "TicketsDetalle.csproj", "{3CB89D74-4F8D-4FFC-969E-98DF6669A683}"
EndProject
Project("{FAE04EC0-301F-11D3-BF4B-00C04F79EFBC}") = "TicketsDetalle.api", "..\TicketsDetalle.api\TicketsDetalle.api.csproj", "{84CFA74A-628B-4AD9-9D8B-6BC0CC16AE0E}"
EndProject
Global
	GlobalSection(SolutionConfigurationPlatforms) = preSolution
		Debug|Any CPU = Debug|Any CPU
		Release|Any CPU = Release|Any CPU
	EndGlobalSection
	GlobalSection(ProjectConfigurationPlatforms) = postSolution
		{3CB89D74-4F8D-4FFC-969E-98DF6669A683}.Debug|Any CPU.ActiveCfg = Debug|Any CPU
		{3CB89D74-4F8D-4FFC-969E-98DF6669A683}.Debug|Any CPU.Build.0 = Debug|Any CPU
		{3CB89D74-4F8D-4FFC-969E-98DF6669A683}.Release|Any CPU.ActiveCfg = Release|Any CPU
		{3CB89D74-4F8D-4FFC-969E-98DF6669A683}.Release|Any CPU.Build.0 = Release|Any CPU
		{84CFA74A-628B-4AD9-9D8B-6BC0CC16AE0E}.Debug|Any CPU.ActiveCfg = Debug|Any CPU
		{84CFA74A-628B-4AD9-9D8B-6BC0CC16AE0E}.Debug|Any CPU.Build.0 = Debug|Any CPU
		{84CFA74A-628B-4AD9-9D8B-6BC0CC16AE0E}.Release|Any CPU.ActiveCfg = Release|Any CPU
		{84CFA74A-628B-4AD9-9D8B-6BC0CC16AE0E}.Release|Any CPU.Build.0 = Release|Any CPU
	EndGlobalSection
	GlobalSection(SolutionProperties) = preSolution
		HideSolutionNode = FALSE
	EndGlobalSection
	GlobalSection(ExtensibilityGlobals) = postSolution
		SolutionGuid = {8BDD5BC3-5135-4912-80A9-24196C1AD435}
	EndGlobalSection
EndGlobal
